
Microsoft Visual Studio Solution File, Format Version 11.00
# Visual Studio 2010
Project("{8BC9CEB8-8B4A-11D0-8D11-00A0C91BC942}") = "ctf", "ctf\ctf.vcxproj", "{B62D4460-0401-D1FC-04F3-D883B9C2708A}"
EndProject
Project("{8BC9CEB8-8B4A-11D0-8D11-00A0C91BC942}") = "game", "game\game.vcxproj", "{84A4ED60-6719-CB4A-8D37-B96505B0E8C9}"
EndProject
Project("{8BC9CEB8-8B4A-11D0-8D11-00A0C91BC942}") = "quake2", "quake2.vcxproj", "{38A3DFA0-E105-FC42-3E7D-F6BF57006B69}"
EndProject
Project("{8BC9CEB8-8B4A-11D0-8D11-00A0C91BC942}") = "ref_gl", "ref_gl\ref_gl.vcxproj", "{1E48B684-2AF7-FE2C-C6D5-5F6F3B38D41D}"
EndProject
Project("{8BC9CEB8-8B4A-11D0-8D11-00A0C91BC942}") = "ref_soft", "ref_soft\ref_soft.vcxproj", "{F7992416-0629-D23A-A976-B6413BD49C61}"
EndProject
Global
	GlobalSection(SolutionConfigurationPlatforms) = preSolution
		Debug Alpha|Win32 = Debug Alpha|Win32
		Debug|Win32 = Debug|Win32
		Release Alpha|Win32 = Release Alpha|Win32
		Release|Win32 = Release|Win32
		Template|Win32 = Template|Win32
	EndGlobalSection
	GlobalSection(ProjectConfigurationPlatforms) = postSolution
		{B62D4460-0401-D1FC-04F3-D883B9C2708A}.Debug Alpha|Win32.ActiveCfg = Debug Alpha|Win32
		{B62D4460-0401-D1FC-04F3-D883B9C2708A}.Debug Alpha|Win32.Build.0 = Debug Alpha|Win32
		{B62D4460-0401-D1FC-04F3-D883B9C2708A}.Debug|Win32.ActiveCfg = Debug|Win32
		{B62D4460-0401-D1FC-04F3-D883B9C2708A}.Debug|Win32.Build.0 = Debug|Win32
		{B62D4460-0401-D1FC-04F3-D883B9C2708A}.Release Alpha|Win32.ActiveCfg = Release Alpha|Win32
		{B62D4460-0401-D1FC-04F3-D883B9C2708A}.Release Alpha|Win32.Build.0 = Release Alpha|Win32
		{B62D4460-0401-D1FC-04F3-D883B9C2708A}.Release|Win32.ActiveCfg = Release|Win32
		{B62D4460-0401-D1FC-04F3-D883B9C2708A}.Release|Win32.Build.0 = Release|Win32
		{B62D4460-0401-D1FC-04F3-D883B9C2708A}.Template|Win32.ActiveCfg = Release|Win32
		{B62D4460-0401-D1FC-04F3-D883B9C2708A}.Template|Win32.Build.0 = Release|Win32
		{84A4ED60-6719-CB4A-8D37-B96505B0E8C9}.Debug Alpha|Win32.ActiveCfg = Debug Alpha|Win32
		{84A4ED60-6719-CB4A-8D37-B96505B0E8C9}.Debug Alpha|Win32.Build.0 = Debug Alpha|Win32
		{84A4ED60-6719-CB4A-8D37-B96505B0E8C9}.Debug|Win32.ActiveCfg = Debug|Win32
		{84A4ED60-6719-CB4A-8D37-B96505B0E8C9}.Debug|Win32.Build.0 = Debug|Win32
		{84A4ED60-6719-CB4A-8D37-B96505B0E8C9}.Release Alpha|Win32.ActiveCfg = Release Alpha|Win32
		{84A4ED60-6719-CB4A-8D37-B96505B0E8C9}.Release Alpha|Win32.Build.0 = Release Alpha|Win32
		{84A4ED60-6719-CB4A-8D37-B96505B0E8C9}.Release|Win32.ActiveCfg = Release|Win32
		{84A4ED60-6719-CB4A-8D37-B96505B0E8C9}.Release|Win32.Build.0 = Release|Win32
		{84A4ED60-6719-CB4A-8D37-B96505B0E8C9}.Template|Win32.ActiveCfg = Template|Win32
		{84A4ED60-6719-CB4A-8D37-B96505B0E8C9}.Template|Win32.Build.0 = Template|Win32
		{38A3DFA0-E105-FC42-3E7D-F6BF57006B69}.Debug Alpha|Win32.ActiveCfg = Debug Alpha|Win32
		{38A3DFA0-E105-FC42-3E7D-F6BF57006B69}.Debug Alpha|Win32.Build.0 = Debug Alpha|Win32
		{38A3DFA0-E105-FC42-3E7D-F6BF57006B69}.Debug|Win32.ActiveCfg = Debug|Win32
		{38A3DFA0-E105-FC42-3E7D-F6BF57006B69}.Debug|Win32.Build.0 = Debug|Win32
		{38A3DFA0-E105-FC42-3E7D-F6BF57006B69}.Release Alpha|Win32.ActiveCfg = Release Alpha|Win32
		{38A3DFA0-E105-FC42-3E7D-F6BF57006B69}.Release Alpha|Win32.Build.0 = Release Alpha|Win32
		{38A3DFA0-E105-FC42-3E7D-F6BF57006B69}.Release|Win32.ActiveCfg = Release|Win32
		{38A3DFA0-E105-FC42-3E7D-F6BF57006B69}.Release|Win32.Build.0 = Release|Win32
		{38A3DFA0-E105-FC42-3E7D-F6BF57006B69}.Template|Win32.ActiveCfg = Template|Win32
		{38A3DFA0-E105-FC42-3E7D-F6BF57006B69}.Template|Win32.Build.0 = Template|Win32
		{1E48B684-2AF7-FE2C-C6D5-5F6F3B38D41D}.Debug Alpha|Win32.ActiveCfg = Debug Alpha|Win32
		{1E48B684-2AF7-FE2C-C6D5-5F6F3B38D41D}.Debug Alpha|Win32.Build.0 = Debug Alpha|Win32
		{1E48B684-2AF7-FE2C-C6D5-5F6F3B38D41D}.Debug|Win32.ActiveCfg = Debug|Win32
		{1E48B684-2AF7-FE2C-C6D5-5F6F3B38D41D}.Debug|Win32.Build.0 = Debug|Win32
		{1E48B684-2AF7-FE2C-C6D5-5F6F3B38D41D}.Release Alpha|Win32.ActiveCfg = Release Alpha|Win32
		{1E48B684-2AF7-FE2C-C6D5-5F6F3B38D41D}.Release Alpha|Win32.Build.0 = Release Alpha|Win32
		{1E48B684-2AF7-FE2C-C6D5-5F6F3B38D41D}.Release|Win32.ActiveCfg = Release|Win32
		{1E48B684-2AF7-FE2C-C6D5-5F6F3B38D41D}.Release|Win32.Build.0 = Release|Win32
		{1E48B684-2AF7-FE2C-C6D5-5F6F3B38D41D}.Template|Win32.ActiveCfg = Template|Win32
		{1E48B684-2AF7-FE2C-C6D5-5F6F3B38D41D}.Template|Win32.Build.0 = Template|Win32
		{F7992416-0629-D23A-A976-B6413BD49C61}.Debug Alpha|Win32.ActiveCfg = Debug Alpha|Win32
		{F7992416-0629-D23A-A976-B6413BD49C61}.Debug Alpha|Win32.Build.0 = Debug Alpha|Win32
		{F7992416-0629-D23A-A976-B6413BD49C61}.Debug|Win32.ActiveCfg = Debug|Win32
		{F7992416-0629-D23A-A976-B6413BD49C61}.Debug|Win32.Build.0 = Debug|Win32
		{F7992416-0629-D23A-A976-B6413BD49C61}.Release Alpha|Win32.ActiveCfg = Release Alpha|Win32
		{F7992416-0629-D23A-A976-B6413BD49C61}.Release Alpha|Win32.Build.0 = Release Alpha|Win32
		{F7992416-0629-D23A-A976-B6413BD49C61}.Release|Win32.ActiveCfg = Release|Win32
		{F7992416-0629-D23A-A976-B6413BD49C61}.Release|Win32.Build.0 = Release|Win32
		{F7992416-0629-D23A-A976-B6413BD49C61}.Template|Win32.ActiveCfg = Template|Win32
		{F7992416-0629-D23A-A976-B6413BD49C61}.Template|Win32.Build.0 = Template|Win32
	EndGlobalSection
	GlobalSection(SolutionProperties) = preSolution
		HideSolutionNode = FALSE
	EndGlobalSection
EndGlobal
